
Microsoft Visual Studio Solution File, Format Version 12.00
# Visual Studio Version 16
VisualStudioVersion = 16.0.29102.190
MinimumVisualStudioVersion = 10.0.40219.1
Project("{FAE04EC0-301F-11D3-BF4B-00C04F79EFBC}") = "OOP", "OOP\OOP.csproj", "{30E90755-D32F-450C-8981-67E1083DEC15}"
EndProject
Global
	GlobalSection(SolutionConfigurationPlatforms) = preSolution
		Debug|Any CPU = Debug|Any CPU
		Release|Any CPU = Release|Any CPU
	EndGlobalSection
	GlobalSection(ProjectConfigurationPlatforms) = postSolution
		{30E90755-D32F-450C-8981-67E1083DEC15}.Debug|Any CPU.ActiveCfg = Debug|Any CPU
		{30E90755-D32F-450C-8981-67E1083DEC15}.Debug|Any CPU.Build.0 = Debug|Any CPU
		{30E90755-D32F-450C-8981-67E1083DEC15}.Release|Any CPU.ActiveCfg = Release|Any CPU
		{30E90755-D32F-450C-8981-67E1083DEC15}.Release|Any CPU.Build.0 = Release|Any CPU
	EndGlobalSection
	GlobalSection(SolutionProperties) = preSolution
		HideSolutionNode = FALSE
	EndGlobalSection
	GlobalSection(ExtensibilityGlobals) = postSolution
		SolutionGuid = {EDFAA7BD-86FE-4E76-A43E-3C046DF0036E}
	EndGlobalSection
EndGlobal
